{
  "nodes": {
    "nixCats": {
      "locked": {
        "lastModified": 1767604542,
        "narHash": "sha256-Gfzh+dgNRxCncn3kGfSvJk4IDn/9cu6hw1zKtHtrzNQ=",
        "owner": "BirdeeHub",
        "repo": "nixCats-nvim",
        "rev": "57a3bba442f1606f6dd5406fbb8fee9900b3f61a",
        "type": "github"
      },
      "original": {
        "owner": "BirdeeHub",
        "repo": "nixCats-nvim",
        "type": "github"
      }
    },
    "nixpkgs": {
      "locked": {
        "lastModified": 1776255774,
        "narHash": "sha256-psVTpH6PK3q1htMJpmdz1hLF5pQgEshu7gQWgKO6t6Y=",
        "owner": "nixos",
        "repo": "nixpkgs",
        "rev": "566acc07c54dc807f91625bb286cb9b321b5f42a",
        "type": "github"
      },
      "original": {
        "owner": "nixos",
        "ref": "nixpkgs-unstable",
        "repo": "nixpkgs",
        "type": "github"
      }
    },
    "plugins-treesitter-textobjects": {
      "flake": false,
      "locked": {
        "lastModified": 1767434017,
        "narHash": "sha256-5VeIAW09my+4fqXbzVG7RnLXrjpXAk/g2vd7RbhNws8=",
        "owner": "nvim-treesitter",
        "repo": "nvim-treesitter-textobjects",
        "rev": "28a3494c075ef0f353314f627546537e43c09592",
        "type": "github"
      },
      "original": {
        "owner": "nvim-treesitter",
        "ref": "main",
        "repo": "nvim-treesitter-textobjects",
        "type": "github"
      }
    },
    "root": {
      "inputs": {
        "nixCats": "nixCats",
        "nixpkgs": "nixpkgs",
        "plugins-treesitter-textobjects": "plugins-treesitter-textobjects"
      }
    }
  },
  "root": "root",
  "version": 7
}
